{
  "version": "2",
  "remote": {
    "https://deno.land/std@0.174.0/_util/asserts.ts": "178dfc49a464aee693a7e285567b3d0b555dc805ff490505a8aae34f9cfb1462",
    "https://deno.land/std@0.174.0/_util/os.ts": "d932f56d41e4f6a6093d56044e29ce637f8dcc43c5a90af43504a889cf1775e3",
    "https://deno.land/std@0.174.0/async/debounce.ts": "adab11d04ca38d699444ac8a9d9856b4155e8dda2afd07ce78276c01ea5a4332",
    "https://deno.land/std@0.174.0/fmt/colors.ts": "938c5d44d889fb82eff6c358bea8baa7e85950a16c9f6dae3ec3a7a729164471",
    "https://deno.land/std@0.174.0/fs/_util.ts": "65381f341af1ff7f40198cee15c20f59951ac26e51ddc651c5293e24f9ce6f32",
    "https://deno.land/std@0.174.0/fs/copy.ts": "14214efd94fc3aa6db1e4af2b4b9578e50f7362b7f3725d5a14ad259a5df26c8",
    "https://deno.land/std@0.174.0/fs/empty_dir.ts": "c3d2da4c7352fab1cf144a1ecfef58090769e8af633678e0f3fabaef98594688",
    "https://deno.land/std@0.174.0/fs/ensure_dir.ts": "724209875497a6b4628dfb256116e5651c4f7816741368d6c44aab2531a1e603",
    "https://deno.land/std@0.174.0/fs/ensure_file.ts": "c38602670bfaf259d86ca824a94e6cb9e5eb73757fefa4ebf43a90dd017d53d9",
    "https://deno.land/std@0.174.0/fs/ensure_link.ts": "c0f5b2f0ec094ed52b9128eccb1ee23362a617457aa0f699b145d4883f5b2fb4",
    "https://deno.land/std@0.174.0/fs/ensure_symlink.ts": "2955cc8332aeca9bdfefd05d8d3976b94e282b0f353392a71684808ed2ffdd41",
    "https://deno.land/std@0.174.0/fs/eol.ts": "f1f2eb348a750c34500741987b21d65607f352cf7205f48f4319d417fff42842",
    "https://deno.land/std@0.174.0/fs/exists.ts": "b8c8a457b71e9d7f29b9d2f87aad8dba2739cbe637e8926d6ba6e92567875f8e",
    "https://deno.land/std@0.174.0/fs/expand_glob.ts": "45d17e89796a24bd6002e4354eda67b4301bb8ba67d2cac8453cdabccf1d9ab0",
    "https://deno.land/std@0.174.0/fs/mod.ts": "bc3d0acd488cc7b42627044caf47d72019846d459279544e1934418955ba4898",
    "https://deno.land/std@0.174.0/fs/move.ts": "4cb47f880e3f0582c55e71c9f8b1e5e8cfaacb5e84f7390781dd563b7298ec19",
    "https://deno.land/std@0.174.0/fs/walk.ts": "ea95ffa6500c1eda6b365be488c056edc7c883a1db41ef46ec3bf057b1c0fe32",
    "https://deno.land/std@0.174.0/path/_constants.ts": "e49961f6f4f48039c0dfed3c3f93e963ca3d92791c9d478ac5b43183413136e0",
    "https://deno.land/std@0.174.0/path/_interface.ts": "6471159dfbbc357e03882c2266d21ef9afdb1e4aa771b0545e90db58a0ba314b",
    "https://deno.land/std@0.174.0/path/_util.ts": "86c2375a996c1931b2f2ac71fefd5ddf0cf0e579fa4ab12d3e4c552d4223b8d8",
    "https://deno.land/std@0.174.0/path/common.ts": "ee7505ab01fd22de3963b64e46cff31f40de34f9f8de1fff6a1bd2fe79380000",
    "https://deno.land/std@0.174.0/path/glob.ts": "d479e0a695621c94d3fd7fe7abd4f9499caf32a8de13f25073451c6ef420a4e1",
    "https://deno.land/std@0.174.0/path/mod.ts": "4b83694ac500d7d31b0cdafc927080a53dc0c3027eb2895790fb155082b0d232",
    "https://deno.land/std@0.174.0/path/posix.ts": "0874b341c2c6968ca38d323338b8b295ea1dae10fa872a768d812e2e7d634789",
    "https://deno.land/std@0.174.0/path/separator.ts": "0fb679739d0d1d7bf45b68dacfb4ec7563597a902edbaf3c59b50d5bcadd93b1",
    "https://deno.land/std@0.174.0/path/win32.ts": "672942919dd66ce1b8c224e77d3447e2ad8254eaff13fe6946420a9f78fa141e",
    "https://deno.land/std@0.174.0/testing/_diff.ts": "1a3c044aedf77647d6cac86b798c6417603361b66b54c53331b312caeb447aea",
    "https://deno.land/std@0.174.0/testing/_format.ts": "a69126e8a469009adf4cf2a50af889aca364c349797e63174884a52ff75cf4c7",
    "https://deno.land/std@0.174.0/testing/asserts.ts": "984ab0bfb3faeed92ffaa3a6b06536c66811185328c5dd146257c702c41b01ab",
    "https://deno.land/std@0.176.0/fmt/colors.ts": "938c5d44d889fb82eff6c358bea8baa7e85950a16c9f6dae3ec3a7a729164471",
    "https://deno.land/std@0.176.0/testing/_diff.ts": "1a3c044aedf77647d6cac86b798c6417603361b66b54c53331b312caeb447aea",
    "https://deno.land/std@0.176.0/testing/_format.ts": "a69126e8a469009adf4cf2a50af889aca364c349797e63174884a52ff75cf4c7",
    "https://deno.land/std@0.176.0/testing/asserts.ts": "984ab0bfb3faeed92ffaa3a6b06536c66811185328c5dd146257c702c41b01ab",
    "https://deno.land/x/equal@v1.0.2/constants.ts": "162b906e5f7c85614954f4c110d5b8a417245f3e11b22a7c3c24c0c6f8dfe22f",
    "https://deno.land/x/equal@v1.0.2/deps.ts": "e4d88aa5e60a16c0e46905f86ba14125f75a6adb92579d8c15da4a40408bc3ef",
    "https://deno.land/x/equal@v1.0.2/equal.ts": "bd7ccdbdde365f0abe07c70f46b4788ccae638a8c78bfb383485b62432a4d24d",
    "https://deno.land/x/equal@v1.0.2/is.ts": "bb2992b7756bafd1f93934ce56fc23062f5456f474dbf88d3fc90c1819e06d54",
    "https://deno.land/x/equal@v1.0.2/mod.ts": "95ad37614f3b54fa61e7fe1b1285b5c102cb15cfa629d7dfe827bc205d995ced",
    "https://deno.land/x/equal@v1.0.2/utils.ts": "d3c8e589b28f5c333a6f06c84f044e89ae215f38b3e84712dbc0a03fc17a791d",
    "https://deno.land/x/equal@v1.4.0/_constants.ts": "d8c7fe3054dcbc2230250ec7b6f2e901740ef37cae49b1f4def9a44f711c99df",
    "https://deno.land/x/equal@v1.4.0/_is.ts": "095827659522b2df9e5cdc528ef0c3bd30a945cad8e5054b241b1b2836fe0ae8",
    "https://deno.land/x/equal@v1.4.0/_utils.ts": "d9a1129a137cbf7704b7d1d276957b14496d7b75673067fade7c56c5243a2423",
    "https://deno.land/x/equal@v1.4.0/deps.ts": "7e8c8f2f1b54db3b929b9f431dec9d26170864b06dba32a1bae8000b77a77ba4",
    "https://deno.land/x/equal@v1.4.0/equal.ts": "65209a1a713835b995dc696c69c616c7cd1629805cc98f03da4033a93bf8857b",
    "https://deno.land/x/equal@v1.4.0/mod.ts": "95ad37614f3b54fa61e7fe1b1285b5c102cb15cfa629d7dfe827bc205d995ced",
    "https://deno.land/x/equal@v1.5.0/_constants.ts": "d8c7fe3054dcbc2230250ec7b6f2e901740ef37cae49b1f4def9a44f711c99df",
    "https://deno.land/x/equal@v1.5.0/_is.ts": "c334165fcf09cbbc01a1a7a7d7c99e4529e530c6f4b5ca222f518e22d98ba6fa",
    "https://deno.land/x/equal@v1.5.0/_utils.ts": "d9a1129a137cbf7704b7d1d276957b14496d7b75673067fade7c56c5243a2423",
    "https://deno.land/x/equal@v1.5.0/deps.ts": "1af7f13141f3cb4d4427fd9f1c3153017c746d425e2737a4bae271d6b4c6cafc",
    "https://deno.land/x/equal@v1.5.0/equal.ts": "515c54e5b1018ccbc4b3d4fd9b8782ae8dfc6523fd7d112f18efea9fcbb1aab3",
    "https://deno.land/x/equal@v1.5.0/mod.ts": "713ecd49b992d71b06e9c592704a2dacc407da1efda89b1fdf1271fab0be2387",
    "https://deno.land/x/fonction@v1.6.2/deps.ts": "eeb75acaddca83095eefe1276066e538812fcc7f63e450931e388a8146840069",
    "https://deno.land/x/fonction@v1.6.2/mod.ts": "d1f0dc0a50ddfb44e80cbc199b92aad8e7f37e5d8e3bb53d4aaf90a2a58c0b7b",
    "https://deno.land/x/fonction@v1.6.2/src/F.ts": "47759bcddf83dc42e7227498db1b1ac350d8a10269e4babaf22fb9d2aa8f1d05",
    "https://deno.land/x/fonction@v1.6.2/src/K.ts": "8398b4132e5d7801477e7277e4a33777358fc6ec96fa283dac8bf3f818809ac6",
    "https://deno.land/x/fonction@v1.6.2/src/N.ts": "a7060bab3b8af5d4c062d4fce3208fd241a0f3dd23eae68706929039bd2d6733",
    "https://deno.land/x/fonction@v1.6.2/src/NN.ts": "5eaf063ed232735290376373348c3c400019a18947963609990d25c7bd090686",
    "https://deno.land/x/fonction@v1.6.2/src/T.ts": "bb74f0b214d297e0a1cd05dfc8f6648646d1eb3a54adf414e965b2e5033cafbf",
    "https://deno.land/x/fonction@v1.6.2/src/_/has.ts": "281ad9dc785d8ea17743ae4586c4f66c10e50b4d68ed316b794d872542665462",
    "https://deno.land/x/fonction@v1.6.2/src/_/hasPath.ts": "541af5c1b74ba51eed12001cb84ad859877b0cff3d3d79b2b060bc17ae59bab3",
    "https://deno.land/x/fonction@v1.6.2/src/_/mapArray.ts": "ce29ffead7bc0d6a7c9dfa8626c2df1aa0fc0d026a7ca15c62ee4c973d8af3c7",
    "https://deno.land/x/fonction@v1.6.2/src/_/mapObject.ts": "cda288486d472a222278f270dafa7f9faf749a861cf5b280080588bf051b30eb",
    "https://deno.land/x/fonction@v1.6.2/src/_/prop.ts": "6ebab27a74aa70a786fe12dea260e675b9cac0ca5a10ba1511993d568366b8d6",
    "https://deno.land/x/fonction@v1.6.2/src/add.ts": "764c02dea1cc1cbf7aade2cac49f51fcff759cbc54925ee91c20a2c25e3fa13d",
    "https://deno.land/x/fonction@v1.6.2/src/and.ts": "ed9aa4a5ceca25016669adf0172282b6303f37e7eba9222f9de02da9974163c0",
    "https://deno.land/x/fonction@v1.6.2/src/append.ts": "2d3774bbb163f95ff611d49b7ab914a37fea3849607cc07d3bac44de44973b63",
    "https://deno.land/x/fonction@v1.6.2/src/chunk.ts": "25bf0ec3245096c4851b8c5dbd7fae10c1f9eff12675d430f2c5968b12f4f05b",
    "https://deno.land/x/fonction@v1.6.2/src/constants/index.ts": "92fe5066a54f85f53136040496bb6e7d5096f7497dddc39f370d613bb77146ca",
    "https://deno.land/x/fonction@v1.6.2/src/dec.ts": "76ee78f8cfb6fe8e063152cb8772a0576c533bb2cacc831d174a0db740916597",
    "https://deno.land/x/fonction@v1.6.2/src/defaultTo.ts": "b09f59467789848d97f37773cda181386003601ce2dc32a6f2f858203b5248da",
    "https://deno.land/x/fonction@v1.6.2/src/divide.ts": "e6253ee5b723d2863a5999437188deb34f3a00b9306465723bf09d94391942ed",
    "https://deno.land/x/fonction@v1.6.2/src/endsWith.ts": "0da472d7ae4593b50952e94c7853cf93239d1b9af6e52f2a83a1d5b4adaec826",
    "https://deno.land/x/fonction@v1.6.2/src/entries.ts": "c59e640a7478e7ad6f211e239fd10e06491ccd275162d83bfe0f8600217fab9c",
    "https://deno.land/x/fonction@v1.6.2/src/first.ts": "756a15493520969f50940aa5b1553ecd63643440aebaa70a9225a91f77fde618",
    "https://deno.land/x/fonction@v1.6.2/src/flattenDeep.ts": "bfe578d3a743ff3f22e0456ab69183bdb7adec48bc0f0e98a246948ea25b0bab",
    "https://deno.land/x/fonction@v1.6.2/src/gt.ts": "e79d6e34e3a32ef316c360c6aa3cad1db2a18b47f5f68f5462ea0c9f2b58ee84",
    "https://deno.land/x/fonction@v1.6.2/src/gte.ts": "7ac9684ea7875f2796f0254d3665b9247788e86ced29277044c3be4aba3a6322",
    "https://deno.land/x/fonction@v1.6.2/src/has.ts": "8b828d2bf3d021817188e3fb702d6e337db6c6450c70ff096bed5fb1707bc3bb",
    "https://deno.land/x/fonction@v1.6.2/src/hasPath.ts": "ae90ebac887c8fc43bb92764e73519af7d1d6a294a3e8465ccf224d1deb2e214",
    "https://deno.land/x/fonction@v1.6.2/src/head.ts": "8427dbd357c46be8b29272d7c63b06ff4bc74e846baca013e7cbf3cf56b630ea",
    "https://deno.land/x/fonction@v1.6.2/src/identity.ts": "be151f71d2e8379a740b85f9109e61fe6fa00057690672ed643758fd621d8043",
    "https://deno.land/x/fonction@v1.6.2/src/ifElse.ts": "503c53bb3f6fb3c7a5d00730f378fe8898409c4bfc625c034fcf03883196ddc6",
    "https://deno.land/x/fonction@v1.6.2/src/ifElseFn.ts": "c8bd4116121a4e6f92513bdb88ede45364b58d39d5bb5394b9b61576695b3f72",
    "https://deno.land/x/fonction@v1.6.2/src/inc.ts": "3f7c9cc9a9abbbb481acc6632f2b8aa87d549d8c950c39d49f7eabd77e455317",
    "https://deno.land/x/fonction@v1.6.2/src/isArray.ts": "6184ffb79f5072b711d33027dac70a921328248a2f34acb751df9059cb3c1ba9",
    "https://deno.land/x/fonction@v1.6.2/src/isBigint.ts": "c13a602dfaa86d5ab4d30420bb25139fcf211268297ed4f618a873e9a0d90285",
    "https://deno.land/x/fonction@v1.6.2/src/isBoolean.ts": "53bf4d117e71f7c60f34d423dc0652da6b60fb947fcf6f29989a9c2ba4b03b10",
    "https://deno.land/x/fonction@v1.6.2/src/isEmpty.ts": "b17f934352ffdefadd8d914d9e0f4b1f4a3e86a31954742a22e45c7754007a0f",
    "https://deno.land/x/fonction@v1.6.2/src/isFunction.ts": "739eef673b55845ae9cbfb43886e4afb28ab9a31d666455145e744741a7600c1",
    "https://deno.land/x/fonction@v1.6.2/src/isNaN.ts": "4d68bd7dba2d525b9d09c6572abc75699cc23a592b1935f77ea3c13b775bbc41",
    "https://deno.land/x/fonction@v1.6.2/src/isNil.ts": "00e41bc160db3fe1b086b932fa94975603cd0444a780f904624fdd455f79a953",
    "https://deno.land/x/fonction@v1.6.2/src/isNill.ts": "fee7ea97dabc46057245dd6a9ffd0401cd8ab13efdbe49f49ef9634ddc95421e",
    "https://deno.land/x/fonction@v1.6.2/src/isNull.ts": "1c80e4d029d7b05b6ed86f2ac13c25f2ada7e99058c9bce0ad447775ee9db844",
    "https://deno.land/x/fonction@v1.6.2/src/isNumber.ts": "8741b00e3b200304d0ef22f2fc6d79922e71bb0c15a07b4170a8bbb01e6c85c3",
    "https://deno.land/x/fonction@v1.6.2/src/isObject.ts": "43e7778e7791cb622e7f03b3563370ea932fc9f52473a5a04450b482828633c2",
    "https://deno.land/x/fonction@v1.6.2/src/isPrimitive.ts": "740158f74c53a6e6ea64fd53d46f9e23aa0973aa5557388aa7236298dcd2d507",
    "https://deno.land/x/fonction@v1.6.2/src/isString.ts": "2d30a56c2641fdbb8a2b873af956062dcf8960b4977f2ff76a1d6af6149b1227",
    "https://deno.land/x/fonction@v1.6.2/src/isSymbol.ts": "0a62227b416122c9660808b55881939a30faeee93aedb450eb6df0447763eb8a",
    "https://deno.land/x/fonction@v1.6.2/src/isUndefined.ts": "cb7bcf8637e46d45f9873dd53a4b88a65c13e8ad3b1b42d2f1c9b2cb3befc8a7",
    "https://deno.land/x/fonction@v1.6.2/src/keys.ts": "2a6bb05a17349415258316070e3f88d6c3f3bc37fca0d2297241711f235e1ac6",
    "https://deno.land/x/fonction@v1.6.2/src/last.ts": "19a76bfb6879bdb4ab026a4fb0995d4553e7cbeacbb8df95a464604a29c7a392",
    "https://deno.land/x/fonction@v1.6.2/src/length.ts": "b9ca67331ce9c9dadded1af90fc3ab6234a85a0b451b8a1fba748726226a9d58",
    "https://deno.land/x/fonction@v1.6.2/src/lowerCase.ts": "5ee75c8dddb995d59780e9721627612e418f1281b7e01c80f55d9f52a4537d60",
    "https://deno.land/x/fonction@v1.6.2/src/lt.ts": "9f2036866227f7b9ce4dfa136f68326f6c9eef6aa8435b231431a7e611c4dcc1",
    "https://deno.land/x/fonction@v1.6.2/src/lte.ts": "f63e5738dba7db5cc6d3594604ecac4f6cff0171d13ff6c2e6905fc0528a92e5",
    "https://deno.land/x/fonction@v1.6.2/src/map.ts": "be24735b9d040e5e581b8edc6509b002136a8ee5c7f6af96352fd73802d8caad",
    "https://deno.land/x/fonction@v1.6.2/src/multiply.ts": "ea9486a08e6c70f7d98a4c72aec9d6b31b5035de17397b3a40efb2b0dafe410d",
    "https://deno.land/x/fonction@v1.6.2/src/not.ts": "b593522579b78d54e1b9697d26b5fa251d0ea041e3e9a9918e1776ca2a24055d",
    "https://deno.land/x/fonction@v1.6.2/src/or.ts": "16aa8fe37ece0994bde5605299b76c2b16ed4c2a8181ea64a40c137469df03bd",
    "https://deno.land/x/fonction@v1.6.2/src/prepend.ts": "ca0958b44477f214eacbd92b88710abc4632f72d8cd1c3aae35c0ef2a4eff1f1",
    "https://deno.land/x/fonction@v1.6.2/src/product.ts": "83009952e3670e64484058714828d5f8efa79ebd669e9eb45f21942f6d0c3302",
    "https://deno.land/x/fonction@v1.6.2/src/props.ts": "c9cd4f5dbba31da85c560ac658e0a5664bdf4e7a06852ac05ea791633c784d95",
    "https://deno.land/x/fonction@v1.6.2/src/replace.ts": "5dd8771626127b9c56a588699de256f4a3b14e8027794c6f368d52bb325bc87b",
    "https://deno.land/x/fonction@v1.6.2/src/replaceAll.ts": "5429b6aa9f06b32d8335f2eafd92228445ad36e7f0fdc1581d9c578383270a0d",
    "https://deno.land/x/fonction@v1.6.2/src/reverse.ts": "3876b4b7f7d7ccea597a3e2a35643cf8cf526fb82beb5940e05defa09881ddc2",
    "https://deno.land/x/fonction@v1.6.2/src/slice.ts": "d99dbbc3d4581c1f48b7aec30f09f95eb7c86b0cebaa9236f85005f4849d6a46",
    "https://deno.land/x/fonction@v1.6.2/src/startsWith.ts": "6f391fce2b589b0b8bfe1ec27049011e648eaf8923a8976a8f208c287f35a67e",
    "https://deno.land/x/fonction@v1.6.2/src/subtract.ts": "4b6a69964b408bd296e9ac88012ccd508123d7150b2c27b69578fade2e25c49e",
    "https://deno.land/x/fonction@v1.6.2/src/sum.ts": "d1a656ff7c6b61f8bf9763e2489435f56050d4694c12b33129d14c456752b6e1",
    "https://deno.land/x/fonction@v1.6.2/src/tail.ts": "61939fa965f2dd4f216c4d80f99d37341b72412ad8ee5e77cfff3a5183084cc2",
    "https://deno.land/x/fonction@v1.6.2/src/take.ts": "208900d4c19a967fd117f7602e18aaa8305e995444d4787cee22ccaa5e1b16dc",
    "https://deno.land/x/fonction@v1.6.2/src/takeLast.ts": "8882210abf19a26791bd214a3cc875f97893fff93c149ac693823b450051184b",
    "https://deno.land/x/fonction@v1.6.2/src/trim.ts": "4772b66fa3c4e71f2769fee92fd79443856f0c9393b7f3f4918cc9490132c5d5",
    "https://deno.land/x/fonction@v1.6.2/src/trimLeft.ts": "134e4baa19b06c1e577c9274abe6fcb09bbe08192d752cb6c7d2ecaaa42727d6",
    "https://deno.land/x/fonction@v1.6.2/src/trimRight.ts": "6355d3bd2983487b505040d6975a8b04a4d3ee746e38d3b72eb6c0f28f872a4e",
    "https://deno.land/x/fonction@v1.6.2/src/types/index.ts": "e6540d9e647709ce4496120d73e2ae21f2e54e817cd35b55cf50b407abf9c715",
    "https://deno.land/x/fonction@v1.6.2/src/upperCase.ts": "54af3ef1528624b563909555d09b98c139db8fa566ac539b14b3f2b4db47fe68",
    "https://deno.land/x/fonction@v1.6.2/src/values.ts": "5349d56e140c175f66103dd64c4a90cceabc21e44db54664892cb82561c5ed02",
    "https://deno.land/x/fonction@v1.6.2/src/xor.ts": "75276252b1d9788feadfeedd2e6d61665ada566de386bca2a73c751d22e68ab3",
    "https://deno.land/x/fonction@v1.8.0-beta.6/deps.ts": "1d2afdee963dd6b9c8b3e65e00740d88f9b83cb226428957baabd7a76eb9f6b6",
    "https://deno.land/x/fonction@v1.8.0-beta.6/mod.ts": "702d27b7156a3cf0a1110e9542fd3df8fe79690de7b0c9c8758e4a857c7fd321",
    "https://deno.land/x/fonction@v1.8.0-beta.6/src/F.ts": "47759bcddf83dc42e7227498db1b1ac350d8a10269e4babaf22fb9d2aa8f1d05",
    "https://deno.land/x/fonction@v1.8.0-beta.6/src/K.ts": "8398b4132e5d7801477e7277e4a33777358fc6ec96fa283dac8bf3f818809ac6",
    "https://deno.land/x/fonction@v1.8.0-beta.6/src/N.ts": "a7060bab3b8af5d4c062d4fce3208fd241a0f3dd23eae68706929039bd2d6733",
    "https://deno.land/x/fonction@v1.8.0-beta.6/src/NN.ts": "5eaf063ed232735290376373348c3c400019a18947963609990d25c7bd090686",
    "https://deno.land/x/fonction@v1.8.0-beta.6/src/T.ts": "bb74f0b214d297e0a1cd05dfc8f6648646d1eb3a54adf414e965b2e5033cafbf",
    "https://deno.land/x/fonction@v1.8.0-beta.6/src/_/constructorName.ts": "e7ab70baf54dd06ca38b19c13b18be8df7f3736298f2cf380679e3654a6b42e9",
    "https://deno.land/x/fonction@v1.8.0-beta.6/src/_/has.ts": "281ad9dc785d8ea17743ae4586c4f66c10e50b4d68ed316b794d872542665462",
    "https://deno.land/x/fonction@v1.8.0-beta.6/src/_/hasPath.ts": "1d2e6a171cae950291bc065c5087c3fc575abcaa0c5cddc2f6488463bdf7c2bc",
    "https://deno.land/x/fonction@v1.8.0-beta.6/src/_/mapArray.ts": "ce29ffead7bc0d6a7c9dfa8626c2df1aa0fc0d026a7ca15c62ee4c973d8af3c7",
    "https://deno.land/x/fonction@v1.8.0-beta.6/src/_/mapObject.ts": "cda288486d472a222278f270dafa7f9faf749a861cf5b280080588bf051b30eb",
    "https://deno.land/x/fonction@v1.8.0-beta.6/src/_/prop.ts": "7b2229cc13a0adbadc313480e43bc6221acab9b618aba8d88e52ede15c0dcf76",
    "https://deno.land/x/fonction@v1.8.0-beta.6/src/add.ts": "764c02dea1cc1cbf7aade2cac49f51fcff759cbc54925ee91c20a2c25e3fa13d",
    "https://deno.land/x/fonction@v1.8.0-beta.6/src/advance.ts": "d765a6f36249e9740fa4ed97bf39800a7b99f45effbe05ba5ba662a59697ede0",
    "https://deno.land/x/fonction@v1.8.0-beta.6/src/and.ts": "6b3721d1d4fde7a5cd7f7ae51d3da7d0185d12e61a7d1b37699b17e47ffa6598",
    "https://deno.land/x/fonction@v1.8.0-beta.6/src/append.ts": "2d3774bbb163f95ff611d49b7ab914a37fea3849607cc07d3bac44de44973b63",
    "https://deno.land/x/fonction@v1.8.0-beta.6/src/chunk.ts": "6165855135413d5d76ab3b74ceedf681d47d9ca054349e0bfed1e31c6330dd6f",
    "https://deno.land/x/fonction@v1.8.0-beta.6/src/constants/index.ts": "a8e0106c5c2cf0872e6956e140b68beb5f3165dae5ae2a3699dcff0936b6e9ef",
    "https://deno.land/x/fonction@v1.8.0-beta.6/src/dec.ts": "76ee78f8cfb6fe8e063152cb8772a0576c533bb2cacc831d174a0db740916597",
    "https://deno.land/x/fonction@v1.8.0-beta.6/src/defaultTo.ts": "7f68162bd87800a4a7ce456a7f0d3143a89ebfacf8a1a79e7b68a3a9879100e6",
    "https://deno.land/x/fonction@v1.8.0-beta.6/src/divide.ts": "e6253ee5b723d2863a5999437188deb34f3a00b9306465723bf09d94391942ed",
    "https://deno.land/x/fonction@v1.8.0-beta.6/src/endsWith.ts": "5680521079e88a3cf51366135e1d08bf9716d893149b471721ee4c97f9bbc76a",
    "https://deno.land/x/fonction@v1.8.0-beta.6/src/entries.ts": "c59e640a7478e7ad6f211e239fd10e06491ccd275162d83bfe0f8600217fab9c",
    "https://deno.land/x/fonction@v1.8.0-beta.6/src/equal.ts": "c0680f1e044de5d46ec56b27c1197401b0d1ab97077a11d8fb2c206bd4a19623",
    "https://deno.land/x/fonction@v1.8.0-beta.6/src/first.ts": "73e2c6ff1a3cd0e125d120a1ed6c2a63b837246c8590d96fc7f0db54b1082717",
    "https://deno.land/x/fonction@v1.8.0-beta.6/src/flattenDeep.ts": "bfe578d3a743ff3f22e0456ab69183bdb7adec48bc0f0e98a246948ea25b0bab",
    "https://deno.land/x/fonction@v1.8.0-beta.6/src/gt.ts": "e79d6e34e3a32ef316c360c6aa3cad1db2a18b47f5f68f5462ea0c9f2b58ee84",
    "https://deno.land/x/fonction@v1.8.0-beta.6/src/gte.ts": "7ac9684ea7875f2796f0254d3665b9247788e86ced29277044c3be4aba3a6322",
    "https://deno.land/x/fonction@v1.8.0-beta.6/src/has.ts": "8b828d2bf3d021817188e3fb702d6e337db6c6450c70ff096bed5fb1707bc3bb",
    "https://deno.land/x/fonction@v1.8.0-beta.6/src/hasPath.ts": "ae90ebac887c8fc43bb92764e73519af7d1d6a294a3e8465ccf224d1deb2e214",
    "https://deno.land/x/fonction@v1.8.0-beta.6/src/head.ts": "8427dbd357c46be8b29272d7c63b06ff4bc74e846baca013e7cbf3cf56b630ea",
    "https://deno.land/x/fonction@v1.8.0-beta.6/src/identity.ts": "be151f71d2e8379a740b85f9109e61fe6fa00057690672ed643758fd621d8043",
    "https://deno.land/x/fonction@v1.8.0-beta.6/src/ifElse.ts": "7738b867292d8a250192fd4c0498a39b38f229b90dd693f23c9ef6b6f2275412",
    "https://deno.land/x/fonction@v1.8.0-beta.6/src/ifElseFn.ts": "53d2050fbb7263d0c5926b8896f9faa6fa34a513ab878e44ecc4cf7560039048",
    "https://deno.land/x/fonction@v1.8.0-beta.6/src/inc.ts": "3f7c9cc9a9abbbb481acc6632f2b8aa87d549d8c950c39d49f7eabd77e455317",
    "https://deno.land/x/fonction@v1.8.0-beta.6/src/isArray.ts": "6184ffb79f5072b711d33027dac70a921328248a2f34acb751df9059cb3c1ba9",
    "https://deno.land/x/fonction@v1.8.0-beta.6/src/isBigint.ts": "c13a602dfaa86d5ab4d30420bb25139fcf211268297ed4f618a873e9a0d90285",
    "https://deno.land/x/fonction@v1.8.0-beta.6/src/isBoolean.ts": "53bf4d117e71f7c60f34d423dc0652da6b60fb947fcf6f29989a9c2ba4b03b10",
    "https://deno.land/x/fonction@v1.8.0-beta.6/src/isEmpty.ts": "78ff3302a2130a015c570bc06e6064cfff54a90c220ea659c44504e83f1e026a",
    "https://deno.land/x/fonction@v1.8.0-beta.6/src/isFunction.ts": "739eef673b55845ae9cbfb43886e4afb28ab9a31d666455145e744741a7600c1",
    "https://deno.land/x/fonction@v1.8.0-beta.6/src/isJSONObject.ts": "40e0a0ac5fb2dcb1ec9788a9c48c9069da8bf2114a4a77a756bc6ae40b2a2dad",
    "https://deno.land/x/fonction@v1.8.0-beta.6/src/isLength0.ts": "0aa94dfdd59519af9c580f4b9bad8d15ba5a5b581c847da94b9ea10b343322d0",
    "https://deno.land/x/fonction@v1.8.0-beta.6/src/isNaN.ts": "4d68bd7dba2d525b9d09c6572abc75699cc23a592b1935f77ea3c13b775bbc41",
    "https://deno.land/x/fonction@v1.8.0-beta.6/src/isNil.ts": "93ecaf48435c176933f7601ec9b4e9c9ce422359dd25ad02c84d9635174a87d5",
    "https://deno.land/x/fonction@v1.8.0-beta.6/src/isNill.ts": "726e5de01605904f67550b4154c80caceb3836604f5fbfd8157b5d841b3dd1a9",
    "https://deno.land/x/fonction@v1.8.0-beta.6/src/isNull.ts": "1c80e4d029d7b05b6ed86f2ac13c25f2ada7e99058c9bce0ad447775ee9db844",
    "https://deno.land/x/fonction@v1.8.0-beta.6/src/isNumber.ts": "8741b00e3b200304d0ef22f2fc6d79922e71bb0c15a07b4170a8bbb01e6c85c3",
    "https://deno.land/x/fonction@v1.8.0-beta.6/src/isObject.ts": "9f70d5e08e0ab67e179161e7604d0f5db6c25278c09c384648a38354ae6e1cba",
    "https://deno.land/x/fonction@v1.8.0-beta.6/src/isPrimitive.ts": "740158f74c53a6e6ea64fd53d46f9e23aa0973aa5557388aa7236298dcd2d507",
    "https://deno.land/x/fonction@v1.8.0-beta.6/src/isString.ts": "2d30a56c2641fdbb8a2b873af956062dcf8960b4977f2ff76a1d6af6149b1227",
    "https://deno.land/x/fonction@v1.8.0-beta.6/src/isSymbol.ts": "0a62227b416122c9660808b55881939a30faeee93aedb450eb6df0447763eb8a",
    "https://deno.land/x/fonction@v1.8.0-beta.6/src/isUndefined.ts": "cb7bcf8637e46d45f9873dd53a4b88a65c13e8ad3b1b42d2f1c9b2cb3befc8a7",
    "https://deno.land/x/fonction@v1.8.0-beta.6/src/keys.ts": "2a6bb05a17349415258316070e3f88d6c3f3bc37fca0d2297241711f235e1ac6",
    "https://deno.land/x/fonction@v1.8.0-beta.6/src/last.ts": "a6e20abbd3ca212fcf14c6eab8566852e78ca88010e99fb6f4c9001182534558",
    "https://deno.land/x/fonction@v1.8.0-beta.6/src/length.ts": "b9ca67331ce9c9dadded1af90fc3ab6234a85a0b451b8a1fba748726226a9d58",
    "https://deno.land/x/fonction@v1.8.0-beta.6/src/lowerCase.ts": "5ee75c8dddb995d59780e9721627612e418f1281b7e01c80f55d9f52a4537d60",
    "https://deno.land/x/fonction@v1.8.0-beta.6/src/lt.ts": "9f2036866227f7b9ce4dfa136f68326f6c9eef6aa8435b231431a7e611c4dcc1",
    "https://deno.land/x/fonction@v1.8.0-beta.6/src/lte.ts": "f63e5738dba7db5cc6d3594604ecac4f6cff0171d13ff6c2e6905fc0528a92e5",
    "https://deno.land/x/fonction@v1.8.0-beta.6/src/map.ts": "be24735b9d040e5e581b8edc6509b002136a8ee5c7f6af96352fd73802d8caad",
    "https://deno.land/x/fonction@v1.8.0-beta.6/src/multiply.ts": "ea9486a08e6c70f7d98a4c72aec9d6b31b5035de17397b3a40efb2b0dafe410d",
    "https://deno.land/x/fonction@v1.8.0-beta.6/src/not.ts": "dd1f12661f32fd4a8f059600c30c56188aec254b700fa0c8a04110c27c989af9",
    "https://deno.land/x/fonction@v1.8.0-beta.6/src/or.ts": "eb496fb1d5c49d49022250222d79c891770464d8b9071ae6b11e7dacf8df60bf",
    "https://deno.land/x/fonction@v1.8.0-beta.6/src/pipe.ts": "603d660d4ff75af86e6f40ed12d514258c5e616cc9249e81f7a17e4f9142b8b7",
    "https://deno.land/x/fonction@v1.8.0-beta.6/src/prepend.ts": "ca0958b44477f214eacbd92b88710abc4632f72d8cd1c3aae35c0ef2a4eff1f1",
    "https://deno.land/x/fonction@v1.8.0-beta.6/src/product.ts": "bd0516b8f86af9dc93b63d5d785218b3a4dd094806c6290a3eecb9b646760926",
    "https://deno.land/x/fonction@v1.8.0-beta.6/src/props.ts": "c9cd4f5dbba31da85c560ac658e0a5664bdf4e7a06852ac05ea791633c784d95",
    "https://deno.land/x/fonction@v1.8.0-beta.6/src/replace.ts": "5dd8771626127b9c56a588699de256f4a3b14e8027794c6f368d52bb325bc87b",
    "https://deno.land/x/fonction@v1.8.0-beta.6/src/replaceAll.ts": "5429b6aa9f06b32d8335f2eafd92228445ad36e7f0fdc1581d9c578383270a0d",
    "https://deno.land/x/fonction@v1.8.0-beta.6/src/reverse.ts": "3876b4b7f7d7ccea597a3e2a35643cf8cf526fb82beb5940e05defa09881ddc2",
    "https://deno.land/x/fonction@v1.8.0-beta.6/src/slice.ts": "d99dbbc3d4581c1f48b7aec30f09f95eb7c86b0cebaa9236f85005f4849d6a46",
    "https://deno.land/x/fonction@v1.8.0-beta.6/src/startsWith.ts": "44d30ab80d48f85496898dc5fe7db7c6002ef9eb8bbecf3600c7051141675b1f",
    "https://deno.land/x/fonction@v1.8.0-beta.6/src/subtract.ts": "4b6a69964b408bd296e9ac88012ccd508123d7150b2c27b69578fade2e25c49e",
    "https://deno.land/x/fonction@v1.8.0-beta.6/src/sum.ts": "e8fbe92aab084cee9c5f3f3211ec1f9016ca20e48e21a736592f9653d549a79f",
    "https://deno.land/x/fonction@v1.8.0-beta.6/src/tail.ts": "61939fa965f2dd4f216c4d80f99d37341b72412ad8ee5e77cfff3a5183084cc2",
    "https://deno.land/x/fonction@v1.8.0-beta.6/src/take.ts": "a86e41b07cd78911690ae6df8b3560f6757201210757a7c6200b0a46fd845087",
    "https://deno.land/x/fonction@v1.8.0-beta.6/src/takeLast.ts": "f062a9d1e113089172dac2daeb8589aa4773b7122715950d50af2dcec511afb4",
    "https://deno.land/x/fonction@v1.8.0-beta.6/src/trim.ts": "4772b66fa3c4e71f2769fee92fd79443856f0c9393b7f3f4918cc9490132c5d5",
    "https://deno.land/x/fonction@v1.8.0-beta.6/src/trimLeft.ts": "134e4baa19b06c1e577c9274abe6fcb09bbe08192d752cb6c7d2ecaaa42727d6",
    "https://deno.land/x/fonction@v1.8.0-beta.6/src/trimRight.ts": "6355d3bd2983487b505040d6975a8b04a4d3ee746e38d3b72eb6c0f28f872a4e",
    "https://deno.land/x/fonction@v1.8.0-beta.6/src/tryCatch.ts": "a15e7dc18c65ad05ec8c5e66789ad663ce34ec755b932911dbd7dff54dd7a778",
    "https://deno.land/x/fonction@v1.8.0-beta.6/src/types/index.ts": "e6540d9e647709ce4496120d73e2ae21f2e54e817cd35b55cf50b407abf9c715",
    "https://deno.land/x/fonction@v1.8.0-beta.6/src/uniq.ts": "975a6b2e6a83dcbf9100e119f76032a0a51d69aabd25709230fb83dd9b156b18",
    "https://deno.land/x/fonction@v1.8.0-beta.6/src/upperCase.ts": "54af3ef1528624b563909555d09b98c139db8fa566ac539b14b3f2b4db47fe68",
    "https://deno.land/x/fonction@v1.8.0-beta.6/src/values.ts": "5349d56e140c175f66103dd64c4a90cceabc21e44db54664892cb82561c5ed02",
    "https://deno.land/x/fonction@v1.8.0-beta.6/src/xor.ts": "d68c46286baeaa02817c87054c03ee1899d1c696cb65f5316608130e3c502176",
    "https://deno.land/x/fonction@v1.8.0-beta.7/deps.ts": "95b20875155574d182f2d79733def2e2755ba20ae3a31424212695de753e3f09",
    "https://deno.land/x/fonction@v1.8.0-beta.7/mod.ts": "394f1ed4096296045187636553d02c63898c9e9aace60ea42582dc0fa17e9fda",
    "https://deno.land/x/fonction@v1.8.0-beta.7/src/F.ts": "47759bcddf83dc42e7227498db1b1ac350d8a10269e4babaf22fb9d2aa8f1d05",
    "https://deno.land/x/fonction@v1.8.0-beta.7/src/K.ts": "8398b4132e5d7801477e7277e4a33777358fc6ec96fa283dac8bf3f818809ac6",
    "https://deno.land/x/fonction@v1.8.0-beta.7/src/N.ts": "a7060bab3b8af5d4c062d4fce3208fd241a0f3dd23eae68706929039bd2d6733",
    "https://deno.land/x/fonction@v1.8.0-beta.7/src/NN.ts": "5eaf063ed232735290376373348c3c400019a18947963609990d25c7bd090686",
    "https://deno.land/x/fonction@v1.8.0-beta.7/src/T.ts": "bb74f0b214d297e0a1cd05dfc8f6648646d1eb3a54adf414e965b2e5033cafbf",
    "https://deno.land/x/fonction@v1.8.0-beta.7/src/_/has.ts": "281ad9dc785d8ea17743ae4586c4f66c10e50b4d68ed316b794d872542665462",
    "https://deno.land/x/fonction@v1.8.0-beta.7/src/_/hasPath.ts": "1d2e6a171cae950291bc065c5087c3fc575abcaa0c5cddc2f6488463bdf7c2bc",
    "https://deno.land/x/fonction@v1.8.0-beta.7/src/_/mapArray.ts": "ce29ffead7bc0d6a7c9dfa8626c2df1aa0fc0d026a7ca15c62ee4c973d8af3c7",
    "https://deno.land/x/fonction@v1.8.0-beta.7/src/_/mapObject.ts": "cda288486d472a222278f270dafa7f9faf749a861cf5b280080588bf051b30eb",
    "https://deno.land/x/fonction@v1.8.0-beta.7/src/_/prop.ts": "7b2229cc13a0adbadc313480e43bc6221acab9b618aba8d88e52ede15c0dcf76",
    "https://deno.land/x/fonction@v1.8.0-beta.7/src/add.ts": "764c02dea1cc1cbf7aade2cac49f51fcff759cbc54925ee91c20a2c25e3fa13d",
    "https://deno.land/x/fonction@v1.8.0-beta.7/src/advance.ts": "d765a6f36249e9740fa4ed97bf39800a7b99f45effbe05ba5ba662a59697ede0",
    "https://deno.land/x/fonction@v1.8.0-beta.7/src/and.ts": "6b3721d1d4fde7a5cd7f7ae51d3da7d0185d12e61a7d1b37699b17e47ffa6598",
    "https://deno.land/x/fonction@v1.8.0-beta.7/src/append.ts": "2d3774bbb163f95ff611d49b7ab914a37fea3849607cc07d3bac44de44973b63",
    "https://deno.land/x/fonction@v1.8.0-beta.7/src/chunk.ts": "6165855135413d5d76ab3b74ceedf681d47d9ca054349e0bfed1e31c6330dd6f",
    "https://deno.land/x/fonction@v1.8.0-beta.7/src/constants/index.ts": "a8e0106c5c2cf0872e6956e140b68beb5f3165dae5ae2a3699dcff0936b6e9ef",
    "https://deno.land/x/fonction@v1.8.0-beta.7/src/constructorName.ts": "26c1df37b387c699d5e46ce12907cb6779fa6659607798bc596f74882ec03fe3",
    "https://deno.land/x/fonction@v1.8.0-beta.7/src/dec.ts": "76ee78f8cfb6fe8e063152cb8772a0576c533bb2cacc831d174a0db740916597",
    "https://deno.land/x/fonction@v1.8.0-beta.7/src/defaultTo.ts": "7f68162bd87800a4a7ce456a7f0d3143a89ebfacf8a1a79e7b68a3a9879100e6",
    "https://deno.land/x/fonction@v1.8.0-beta.7/src/divide.ts": "e6253ee5b723d2863a5999437188deb34f3a00b9306465723bf09d94391942ed",
    "https://deno.land/x/fonction@v1.8.0-beta.7/src/endsWith.ts": "5680521079e88a3cf51366135e1d08bf9716d893149b471721ee4c97f9bbc76a",
    "https://deno.land/x/fonction@v1.8.0-beta.7/src/entries.ts": "c59e640a7478e7ad6f211e239fd10e06491ccd275162d83bfe0f8600217fab9c",
    "https://deno.land/x/fonction@v1.8.0-beta.7/src/equal.ts": "c0680f1e044de5d46ec56b27c1197401b0d1ab97077a11d8fb2c206bd4a19623",
    "https://deno.land/x/fonction@v1.8.0-beta.7/src/first.ts": "73e2c6ff1a3cd0e125d120a1ed6c2a63b837246c8590d96fc7f0db54b1082717",
    "https://deno.land/x/fonction@v1.8.0-beta.7/src/flattenDeep.ts": "bfe578d3a743ff3f22e0456ab69183bdb7adec48bc0f0e98a246948ea25b0bab",
    "https://deno.land/x/fonction@v1.8.0-beta.7/src/gt.ts": "e79d6e34e3a32ef316c360c6aa3cad1db2a18b47f5f68f5462ea0c9f2b58ee84",
    "https://deno.land/x/fonction@v1.8.0-beta.7/src/gte.ts": "7ac9684ea7875f2796f0254d3665b9247788e86ced29277044c3be4aba3a6322",
    "https://deno.land/x/fonction@v1.8.0-beta.7/src/has.ts": "8b828d2bf3d021817188e3fb702d6e337db6c6450c70ff096bed5fb1707bc3bb",
    "https://deno.land/x/fonction@v1.8.0-beta.7/src/hasPath.ts": "ae90ebac887c8fc43bb92764e73519af7d1d6a294a3e8465ccf224d1deb2e214",
    "https://deno.land/x/fonction@v1.8.0-beta.7/src/head.ts": "8427dbd357c46be8b29272d7c63b06ff4bc74e846baca013e7cbf3cf56b630ea",
    "https://deno.land/x/fonction@v1.8.0-beta.7/src/identity.ts": "be151f71d2e8379a740b85f9109e61fe6fa00057690672ed643758fd621d8043",
    "https://deno.land/x/fonction@v1.8.0-beta.7/src/ifElse.ts": "7738b867292d8a250192fd4c0498a39b38f229b90dd693f23c9ef6b6f2275412",
    "https://deno.land/x/fonction@v1.8.0-beta.7/src/ifElseFn.ts": "53d2050fbb7263d0c5926b8896f9faa6fa34a513ab878e44ecc4cf7560039048",
    "https://deno.land/x/fonction@v1.8.0-beta.7/src/inc.ts": "3f7c9cc9a9abbbb481acc6632f2b8aa87d549d8c950c39d49f7eabd77e455317",
    "https://deno.land/x/fonction@v1.8.0-beta.7/src/isArray.ts": "6184ffb79f5072b711d33027dac70a921328248a2f34acb751df9059cb3c1ba9",
    "https://deno.land/x/fonction@v1.8.0-beta.7/src/isBigint.ts": "c13a602dfaa86d5ab4d30420bb25139fcf211268297ed4f618a873e9a0d90285",
    "https://deno.land/x/fonction@v1.8.0-beta.7/src/isBoolean.ts": "53bf4d117e71f7c60f34d423dc0652da6b60fb947fcf6f29989a9c2ba4b03b10",
    "https://deno.land/x/fonction@v1.8.0-beta.7/src/isEmpty.ts": "78ff3302a2130a015c570bc06e6064cfff54a90c220ea659c44504e83f1e026a",
    "https://deno.land/x/fonction@v1.8.0-beta.7/src/isFunction.ts": "739eef673b55845ae9cbfb43886e4afb28ab9a31d666455145e744741a7600c1",
    "https://deno.land/x/fonction@v1.8.0-beta.7/src/isJSONObject.ts": "76cc75e71b7cde50beb9486b2443b46e5fde8f00202fd685d0f65605b09ba794",
    "https://deno.land/x/fonction@v1.8.0-beta.7/src/isLength0.ts": "0aa94dfdd59519af9c580f4b9bad8d15ba5a5b581c847da94b9ea10b343322d0",
    "https://deno.land/x/fonction@v1.8.0-beta.7/src/isNaN.ts": "4d68bd7dba2d525b9d09c6572abc75699cc23a592b1935f77ea3c13b775bbc41",
    "https://deno.land/x/fonction@v1.8.0-beta.7/src/isNil.ts": "93ecaf48435c176933f7601ec9b4e9c9ce422359dd25ad02c84d9635174a87d5",
    "https://deno.land/x/fonction@v1.8.0-beta.7/src/isNill.ts": "726e5de01605904f67550b4154c80caceb3836604f5fbfd8157b5d841b3dd1a9",
    "https://deno.land/x/fonction@v1.8.0-beta.7/src/isNull.ts": "1c80e4d029d7b05b6ed86f2ac13c25f2ada7e99058c9bce0ad447775ee9db844",
    "https://deno.land/x/fonction@v1.8.0-beta.7/src/isNumber.ts": "8741b00e3b200304d0ef22f2fc6d79922e71bb0c15a07b4170a8bbb01e6c85c3",
    "https://deno.land/x/fonction@v1.8.0-beta.7/src/isObject.ts": "9f70d5e08e0ab67e179161e7604d0f5db6c25278c09c384648a38354ae6e1cba",
    "https://deno.land/x/fonction@v1.8.0-beta.7/src/isPrimitive.ts": "740158f74c53a6e6ea64fd53d46f9e23aa0973aa5557388aa7236298dcd2d507",
    "https://deno.land/x/fonction@v1.8.0-beta.7/src/isString.ts": "2d30a56c2641fdbb8a2b873af956062dcf8960b4977f2ff76a1d6af6149b1227",
    "https://deno.land/x/fonction@v1.8.0-beta.7/src/isSymbol.ts": "0a62227b416122c9660808b55881939a30faeee93aedb450eb6df0447763eb8a",
    "https://deno.land/x/fonction@v1.8.0-beta.7/src/isUndefined.ts": "cb7bcf8637e46d45f9873dd53a4b88a65c13e8ad3b1b42d2f1c9b2cb3befc8a7",
    "https://deno.land/x/fonction@v1.8.0-beta.7/src/keys.ts": "2a6bb05a17349415258316070e3f88d6c3f3bc37fca0d2297241711f235e1ac6",
    "https://deno.land/x/fonction@v1.8.0-beta.7/src/last.ts": "a6e20abbd3ca212fcf14c6eab8566852e78ca88010e99fb6f4c9001182534558",
    "https://deno.land/x/fonction@v1.8.0-beta.7/src/length.ts": "b9ca67331ce9c9dadded1af90fc3ab6234a85a0b451b8a1fba748726226a9d58",
    "https://deno.land/x/fonction@v1.8.0-beta.7/src/lowerCase.ts": "5ee75c8dddb995d59780e9721627612e418f1281b7e01c80f55d9f52a4537d60",
    "https://deno.land/x/fonction@v1.8.0-beta.7/src/lt.ts": "9f2036866227f7b9ce4dfa136f68326f6c9eef6aa8435b231431a7e611c4dcc1",
    "https://deno.land/x/fonction@v1.8.0-beta.7/src/lte.ts": "f63e5738dba7db5cc6d3594604ecac4f6cff0171d13ff6c2e6905fc0528a92e5",
    "https://deno.land/x/fonction@v1.8.0-beta.7/src/map.ts": "be24735b9d040e5e581b8edc6509b002136a8ee5c7f6af96352fd73802d8caad",
    "https://deno.land/x/fonction@v1.8.0-beta.7/src/multiply.ts": "ea9486a08e6c70f7d98a4c72aec9d6b31b5035de17397b3a40efb2b0dafe410d",
    "https://deno.land/x/fonction@v1.8.0-beta.7/src/not.ts": "dd1f12661f32fd4a8f059600c30c56188aec254b700fa0c8a04110c27c989af9",
    "https://deno.land/x/fonction@v1.8.0-beta.7/src/or.ts": "eb496fb1d5c49d49022250222d79c891770464d8b9071ae6b11e7dacf8df60bf",
    "https://deno.land/x/fonction@v1.8.0-beta.7/src/pipe.ts": "603d660d4ff75af86e6f40ed12d514258c5e616cc9249e81f7a17e4f9142b8b7",
    "https://deno.land/x/fonction@v1.8.0-beta.7/src/prepend.ts": "ca0958b44477f214eacbd92b88710abc4632f72d8cd1c3aae35c0ef2a4eff1f1",
    "https://deno.land/x/fonction@v1.8.0-beta.7/src/product.ts": "bd0516b8f86af9dc93b63d5d785218b3a4dd094806c6290a3eecb9b646760926",
    "https://deno.land/x/fonction@v1.8.0-beta.7/src/props.ts": "c9cd4f5dbba31da85c560ac658e0a5664bdf4e7a06852ac05ea791633c784d95",
    "https://deno.land/x/fonction@v1.8.0-beta.7/src/replace.ts": "5dd8771626127b9c56a588699de256f4a3b14e8027794c6f368d52bb325bc87b",
    "https://deno.land/x/fonction@v1.8.0-beta.7/src/replaceAll.ts": "5429b6aa9f06b32d8335f2eafd92228445ad36e7f0fdc1581d9c578383270a0d",
    "https://deno.land/x/fonction@v1.8.0-beta.7/src/reverse.ts": "3876b4b7f7d7ccea597a3e2a35643cf8cf526fb82beb5940e05defa09881ddc2",
    "https://deno.land/x/fonction@v1.8.0-beta.7/src/slice.ts": "d99dbbc3d4581c1f48b7aec30f09f95eb7c86b0cebaa9236f85005f4849d6a46",
    "https://deno.land/x/fonction@v1.8.0-beta.7/src/startsWith.ts": "44d30ab80d48f85496898dc5fe7db7c6002ef9eb8bbecf3600c7051141675b1f",
    "https://deno.land/x/fonction@v1.8.0-beta.7/src/subtract.ts": "4b6a69964b408bd296e9ac88012ccd508123d7150b2c27b69578fade2e25c49e",
    "https://deno.land/x/fonction@v1.8.0-beta.7/src/sum.ts": "e8fbe92aab084cee9c5f3f3211ec1f9016ca20e48e21a736592f9653d549a79f",
    "https://deno.land/x/fonction@v1.8.0-beta.7/src/tail.ts": "61939fa965f2dd4f216c4d80f99d37341b72412ad8ee5e77cfff3a5183084cc2",
    "https://deno.land/x/fonction@v1.8.0-beta.7/src/take.ts": "a86e41b07cd78911690ae6df8b3560f6757201210757a7c6200b0a46fd845087",
    "https://deno.land/x/fonction@v1.8.0-beta.7/src/takeLast.ts": "f062a9d1e113089172dac2daeb8589aa4773b7122715950d50af2dcec511afb4",
    "https://deno.land/x/fonction@v1.8.0-beta.7/src/trim.ts": "4772b66fa3c4e71f2769fee92fd79443856f0c9393b7f3f4918cc9490132c5d5",
    "https://deno.land/x/fonction@v1.8.0-beta.7/src/trimLeft.ts": "134e4baa19b06c1e577c9274abe6fcb09bbe08192d752cb6c7d2ecaaa42727d6",
    "https://deno.land/x/fonction@v1.8.0-beta.7/src/trimRight.ts": "6355d3bd2983487b505040d6975a8b04a4d3ee746e38d3b72eb6c0f28f872a4e",
    "https://deno.land/x/fonction@v1.8.0-beta.7/src/tryCatch.ts": "a15e7dc18c65ad05ec8c5e66789ad663ce34ec755b932911dbd7dff54dd7a778",
    "https://deno.land/x/fonction@v1.8.0-beta.7/src/types/index.ts": "e6540d9e647709ce4496120d73e2ae21f2e54e817cd35b55cf50b407abf9c715",
    "https://deno.land/x/fonction@v1.8.0-beta.7/src/uniq.ts": "975a6b2e6a83dcbf9100e119f76032a0a51d69aabd25709230fb83dd9b156b18",
    "https://deno.land/x/fonction@v1.8.0-beta.7/src/upperCase.ts": "54af3ef1528624b563909555d09b98c139db8fa566ac539b14b3f2b4db47fe68",
    "https://deno.land/x/fonction@v1.8.0-beta.7/src/values.ts": "5349d56e140c175f66103dd64c4a90cceabc21e44db54664892cb82561c5ed02",
    "https://deno.land/x/fonction@v1.8.0-beta.7/src/xor.ts": "d68c46286baeaa02817c87054c03ee1899d1c696cb65f5316608130e3c502176",
    "https://deno.land/x/resolve_props@v0.1.0/mod.ts": "62abc697c13b54a78b6eb7a73bc2fbdd8631df0917ae3582283be281f9da18ed",
    "https://deno.land/x/zod@v3.20.0/ZodError.ts": "add9043f2ce184a9ff49238017f6be358e20b29a2de3669fc1eff369c7da52af",
    "https://deno.land/x/zod@v3.20.0/errors.ts": "5285922d2be9700cc0c70c95e4858952b07ae193aa0224be3cbd5cd5567eabef",
    "https://deno.land/x/zod@v3.20.0/external.ts": "584f70718e55ae2660d18a552f9c3a5d022f8153aa43e6537f2c2738d6808d42",
    "https://deno.land/x/zod@v3.20.0/helpers/enumUtil.ts": "54efc393cc9860e687d8b81ff52e980def00fa67377ad0bf8b3104f8a5bf698c",
    "https://deno.land/x/zod@v3.20.0/helpers/errorUtil.ts": "7a77328240be7b847af6de9189963bd9f79cab32bbc61502a9db4fe6683e2ea7",
    "https://deno.land/x/zod@v3.20.0/helpers/parseUtil.ts": "920a5623929a4be9110412f82d16ccda537a58e153c942a6d6b8a38329f293a1",
    "https://deno.land/x/zod@v3.20.0/helpers/partialUtil.ts": "8dc921a02b47384cf52217c7e539268daf619f89319b75bdf13ea178815725df",
    "https://deno.land/x/zod@v3.20.0/helpers/typeAliases.ts": "0fda31a063c6736fc3cf9090dd94865c811dfff4f3cb8707b932bf937c6f2c3e",
    "https://deno.land/x/zod@v3.20.0/helpers/util.ts": "a2548e96d646ea4a80636e311e1e2310edc26d8249808883bb4e3ea9930d4197",
    "https://deno.land/x/zod@v3.20.0/index.ts": "035a7422d9f2be54daa0fe464254b69225b443000673e4794095d672471e8792",
    "https://deno.land/x/zod@v3.20.0/locales/en.ts": "8ee8b6f6fc22a64de4f638eb123670e7d5bc969c45ce879498001be8ec570d33",
    "https://deno.land/x/zod@v3.20.0/mod.ts": "64e55237cb4410e17d968cd08975566059f27638ebb0b86048031b987ba251c4",
    "https://deno.land/x/zod@v3.20.0/types.ts": "aa2a8af17bce0de4b08992031f61b01294c588d7958eb3dee87969c642b665d8",
    "https://qkmhap62qwfaasqzew54nnbu7ar42u43y356rpojsrtm2ravz4uq.arweave.net/gphwP9qFigBKGSW7xrQ0-CPNU5vG--i9yZRmzUQVzyk/mod.ts": "1b908a97d591f4228e3cce0de52eb1468eb949a78030d8769c0cfa60eecb9e27",
    "https://qkmhap62qwfaasqzew54nnbu7ar42u43y356rpojsrtm2ravz4uq.arweave.net/gphwP9qFigBKGSW7xrQ0-CPNU5vG--i9yZRmzUQVzyk/src/add/deno.ts": "40d4f305fddca9e4607ff3926198c9964be4bf222fda7674428f1b68d0290c78",
    "https://qkmhap62qwfaasqzew54nnbu7ar42u43y356rpojsrtm2ravz4uq.arweave.net/gphwP9qFigBKGSW7xrQ0-CPNU5vG--i9yZRmzUQVzyk/src/constants/deno.ts": "11eaee6a9f2af09d83b6232f7abaf87744865ce39c777f4582d9bb7e77c1a17a",
    "https://qkmhap62qwfaasqzew54nnbu7ar42u43y356rpojsrtm2ravz4uq.arweave.net/gphwP9qFigBKGSW7xrQ0-CPNU5vG--i9yZRmzUQVzyk/src/divide/deno.ts": "82f2bdc831e52acc6c671fc03449b98c132dfed7be719abcd9ba3576da4e2965",
    "https://qkmhap62qwfaasqzew54nnbu7ar42u43y356rpojsrtm2ravz4uq.arweave.net/gphwP9qFigBKGSW7xrQ0-CPNU5vG--i9yZRmzUQVzyk/src/multiply/deno.ts": "da78ef7d36c15ee8adb4dcf86594ae4c9f8eabf67b628342d4f235b07552b154",
    "https://qkmhap62qwfaasqzew54nnbu7ar42u43y356rpojsrtm2ravz4uq.arweave.net/gphwP9qFigBKGSW7xrQ0-CPNU5vG--i9yZRmzUQVzyk/src/subtract/deno.ts": "6d81f96b21a66db7f38fb8a0df2245d9c09ac5acca634be873b993dae5128244",
    "https://qkmhap62qwfaasqzew54nnbu7ar42u43y356rpojsrtm2ravz4uq.arweave.net/gphwP9qFigBKGSW7xrQ0-CPNU5vG--i9yZRmzUQVzyk/src/types/deno.ts": "4aad6c7484e93f6275405bdcc40ba3d4cea5ab315169a30658683fd26b5f5326",
    "https://qkmhap62qwfaasqzew54nnbu7ar42u43y356rpojsrtm2ravz4uq.arweave.net/gphwP9qFigBKGSW7xrQ0-CPNU5vG--i9yZRmzUQVzyk/src/utils/deno.ts": "e3e9695a01f7d2cd6ebacaac9110b2def54f1920483a900d644841fe658ee9c4",
    "https://raw.githubusercontent.com/callumlocke/wire/deno/lib/core/Directory.ts": "2450e611879023070d260468e3e0b9f723eb8f9381d3ca614c25d205f1b9cc04",
    "https://raw.githubusercontent.com/callumlocke/wire/deno/lib/core/PairSet.ts": "a33c00c721c56cf1175cd90ebb53b403b55821eb2b71f74df564e0a54ef2c0a0",
    "https://raw.githubusercontent.com/callumlocke/wire/deno/lib/core/branch.ts": "c9647b7cffe6c2e4b5d75dbfa7c27230e4ebc1589aef36d131e0d320055244c8",
    "https://raw.githubusercontent.com/callumlocke/wire/deno/lib/core/castFilemap.ts": "4a637cc558ecf644ffa95b52ef77b8cdc77792f01494849f7b5ef38df288c7dc",
    "https://raw.githubusercontent.com/callumlocke/wire/deno/lib/core/createMatcher.ts": "15b24b57398c54c997d192c62812af346f8d52a467a538ba79f9694aa3419199",
    "https://raw.githubusercontent.com/callumlocke/wire/deno/lib/core/diff.ts": "5088d3dcd7f7176c1845165c6180c202f4b3d81972566f41a9c42317073b93b6",
    "https://raw.githubusercontent.com/callumlocke/wire/deno/lib/core/lazy.ts": "e2941b281ce7fc8d47f56928fc58be44ec31f0753087cfcf82b795b95c8b1fee",
    "https://raw.githubusercontent.com/callumlocke/wire/deno/lib/core/parseFilesize.ts": "9cdbdd7d0b46718e282448e364c3dfd6bbd987f2069eb8c32da6d0e3e5b710a5",
    "https://raw.githubusercontent.com/callumlocke/wire/deno/lib/core/pipe.ts": "49c2fbee64dcd7a2e9827a7ca2327bcff66cf87a9b24421b7dc6176e5e3fce3f",
    "https://raw.githubusercontent.com/callumlocke/wire/deno/lib/core/singleFile.ts": "58548ed606333d37d25da109a7d19416136d12305b3f3ed967beee5a22710571",
    "https://raw.githubusercontent.com/callumlocke/wire/deno/lib/core/subset.ts": "708a81edc2e493e42e5e33d161454aa648855096c29dc9571bba6407199a3d57",
    "https://raw.githubusercontent.com/callumlocke/wire/deno/lib/core/tmp.ts": "1d1b2c4b6556460b6859f2b2762612bd004f57ffa0356b21953c1667f6b00681",
    "https://raw.githubusercontent.com/callumlocke/wire/deno/lib/core/withPatch.ts": "7a3e3a2c3d0441b08d61f5db55799b1c767ac4396a2a492e9346baef6101b8e2",
    "https://raw.githubusercontent.com/callumlocke/wire/deno/lib/deps.ts": "4192f12d9470cac432058316d5ff59aba1fa68cfc91e11ce893259221879f80c",
    "https://raw.githubusercontent.com/callumlocke/wire/deno/lib/mod.ts": "eefba130790fe2bf71307b921a5c974d4fea06108d22fdf92090d49d03192909",
    "https://raw.githubusercontent.com/callumlocke/wire/deno/lib/schemas.ts": "d9a3faf8565b3358836ed38203ed34a2c8d4318d94dbcd45d63985aab46c8fb3",
    "https://raw.githubusercontent.com/callumlocke/wire/deno/lib/types.ts": "b50ad61dd031e75f58823745dc00412cf2d67aaaa33219f90b71f65134ea2c77"
  },
  "npm": {
    "specifiers": {
      "immer@9.0.16": "immer@9.0.16"
    },
    "packages": {
      "immer@9.0.16": {
        "integrity": "sha512-qenGE7CstVm1NrHQbMh8YaSzTZTFNP3zPqr3YU0S0UY441j4bJTg4A2Hh5KAhwgaiU6ZZ1Ar6y/2f4TblnMReQ==",
        "dependencies": {}
      }
    }
  }
}
